
Microsoft Visual Studio Solution File, Format Version 12.00
# Visual Studio Version 16
VisualStudioVersion = 25.0.1706.14
MinimumVisualStudioVersion = 10.0.40219.1
Project("{FAE04EC0-301F-11D3-BF4B-00C04F79EFBC}") = "11.01", "11.01\11.01.csproj", "{FC852F91-6AE0-49CD-8488-DB25F62C543C}"
EndProject
Global
	GlobalSection(SolutionConfigurationPlatforms) = preSolution
		Debug|Any CPU = Debug|Any CPU
		Release|Any CPU = Release|Any CPU
	EndGlobalSection
	GlobalSection(ProjectConfigurationPlatforms) = postSolution
		{FC852F91-6AE0-49CD-8488-DB25F62C543C}.Debug|Any CPU.ActiveCfg = Debug|Any CPU
		{FC852F91-6AE0-49CD-8488-DB25F62C543C}.Debug|Any CPU.Build.0 = Debug|Any CPU
		{FC852F91-6AE0-49CD-8488-DB25F62C543C}.Release|Any CPU.ActiveCfg = Release|Any CPU
		{FC852F91-6AE0-49CD-8488-DB25F62C543C}.Release|Any CPU.Build.0 = Release|Any CPU
	EndGlobalSection
	GlobalSection(SolutionProperties) = preSolution
		HideSolutionNode = FALSE
	EndGlobalSection
	GlobalSection(ExtensibilityGlobals) = postSolution
		SolutionGuid = {F4DF55D9-493D-4A6B-BAA2-CFE1C2076B66}
	EndGlobalSection
EndGlobal
