
Microsoft Visual Studio Solution File, Format Version 12.00
# Visual Studio Version 16
VisualStudioVersion = 25.0.1706.14
MinimumVisualStudioVersion = 10.0.40219.1
Project("{FAE04EC0-301F-11D3-BF4B-00C04F79EFBC}") = "дз 11.1- 11.1.7", "дз 11.1- 11.1.7\дз 11.1- 11.1.7.csproj", "{42406D9E-6CE1-4C00-9B47-82E7C0E9EA42}"
EndProject
Global
	GlobalSection(SolutionConfigurationPlatforms) = preSolution
		Debug|Any CPU = Debug|Any CPU
		Release|Any CPU = Release|Any CPU
	EndGlobalSection
	GlobalSection(ProjectConfigurationPlatforms) = postSolution
		{42406D9E-6CE1-4C00-9B47-82E7C0E9EA42}.Debug|Any CPU.ActiveCfg = Debug|Any CPU
		{42406D9E-6CE1-4C00-9B47-82E7C0E9EA42}.Debug|Any CPU.Build.0 = Debug|Any CPU
		{42406D9E-6CE1-4C00-9B47-82E7C0E9EA42}.Release|Any CPU.ActiveCfg = Release|Any CPU
		{42406D9E-6CE1-4C00-9B47-82E7C0E9EA42}.Release|Any CPU.Build.0 = Release|Any CPU
	EndGlobalSection
	GlobalSection(SolutionProperties) = preSolution
		HideSolutionNode = FALSE
	EndGlobalSection
	GlobalSection(ExtensibilityGlobals) = postSolution
		SolutionGuid = {B80A35F7-3283-4E63-8B8A-446F0227BD2F}
	EndGlobalSection
EndGlobal
